VSD_SCLC1D_RELEASE=sclc1d-orfs-v0.1
ORFS_SNAPSHOT_COMMIT=REPLACE_WITH_LOCAL_ORFS_COMMIT

OS=Ubuntu 22.04
ARCHITECTURE=linux-amd64
OPENROAD=26Q3-1470-g3ea4d70110
YOSYS=0.68+a5af9d690
KLAYOUT=0.30.7
PYTHON=3.10.12
IVERILOG=11.0

PDK_NAME=SCL C1D 1.2um CMOS Digital Open Source PDK
PDK_RELEASE=OS_C1D_SCL_PDK_31-07-2026
PDK_DOCUMENT=CSCB03003Y
PDK_SHA256=722425610949f14ef83a3b1167cdb31ca354e6a43d9e5e40da805ca9559084a4

